
Microsoft Visual Studio Solution File, Format Version 12.00
# Visual Studio Version 16
VisualStudioVersion = 16.0.30413.136
MinimumVisualStudioVersion = 10.0.40219.1
Project("{FAE04EC0-301F-11D3-BF4B-00C04F79EFBC}") = "EasySerial", "src\EasySerial\EasySerial.csproj", "{C6945935-DD2D-4C7E-ADC9-24D736FD075F}"
EndProject
Project("{FAE04EC0-301F-11D3-BF4B-00C04F79EFBC}") = "EasySerial.Tests", "tests\EasySerial.Tests\EasySerial.Tests.csproj", "{88DF28CF-1BEB-4F70-A20D-DF8CC41F70EC}"
EndProject
Global
	GlobalSection(SolutionConfigurationPlatforms) = preSolution
		Debug|Any CPU = Debug|Any CPU
		Release|Any CPU = Release|Any CPU
	EndGlobalSection
	GlobalSection(ProjectConfigurationPlatforms) = postSolution
		{C6945935-DD2D-4C7E-ADC9-24D736FD075F}.Debug|Any CPU.ActiveCfg = Debug|Any CPU
		{C6945935-DD2D-4C7E-ADC9-24D736FD075F}.Debug|Any CPU.Build.0 = Debug|Any CPU
		{C6945935-DD2D-4C7E-ADC9-24D736FD075F}.Release|Any CPU.ActiveCfg = Release|Any CPU
		{C6945935-DD2D-4C7E-ADC9-24D736FD075F}.Release|Any CPU.Build.0 = Release|Any CPU
		{88DF28CF-1BEB-4F70-A20D-DF8CC41F70EC}.Debug|Any CPU.ActiveCfg = Debug|Any CPU
		{88DF28CF-1BEB-4F70-A20D-DF8CC41F70EC}.Debug|Any CPU.Build.0 = Debug|Any CPU
		{88DF28CF-1BEB-4F70-A20D-DF8CC41F70EC}.Release|Any CPU.ActiveCfg = Release|Any CPU
		{88DF28CF-1BEB-4F70-A20D-DF8CC41F70EC}.Release|Any CPU.Build.0 = Release|Any CPU
	EndGlobalSection
	GlobalSection(SolutionProperties) = preSolution
		HideSolutionNode = FALSE
	EndGlobalSection
	GlobalSection(ExtensibilityGlobals) = postSolution
		SolutionGuid = {282FB020-C430-457F-B3CD-8380FDCEA5B3}
	EndGlobalSection
EndGlobal
