
Microsoft Visual Studio Solution File, Format Version 12.00
# Visual Studio Version 16
VisualStudioVersion = 16.0.30413.136
MinimumVisualStudioVersion = 10.0.40219.1
Project("{9A19103F-16F7-4668-BE54-9A1E7A4F7556}") = "EasySerial", "src\EasySerial\EasySerial.csproj", "{C6945935-DD2D-4C7E-ADC9-24D736FD075F}"
EndProject
Project("{9A19103F-16F7-4668-BE54-9A1E7A4F7556}") = "EasySerial.Tests", "tests\EasySerial.Tests\EasySerial.Tests.csproj", "{88DF28CF-1BEB-4F70-A20D-DF8CC41F70EC}"
EndProject
Global
	GlobalSection(SolutionConfigurationPlatforms) = preSolution
		Debug|Any CPU = Debug|Any CPU
		Debug|ARM = Debug|ARM
		Debug|ARM64 = Debug|ARM64
		Debug|x64 = Debug|x64
		Debug|x86 = Debug|x86
		Release|Any CPU = Release|Any CPU
		Release|ARM = Release|ARM
		Release|ARM64 = Release|ARM64
		Release|x64 = Release|x64
		Release|x86 = Release|x86
	EndGlobalSection
	GlobalSection(ProjectConfigurationPlatforms) = postSolution
		{C6945935-DD2D-4C7E-ADC9-24D736FD075F}.Debug|Any CPU.ActiveCfg = Debug|Any CPU
		{C6945935-DD2D-4C7E-ADC9-24D736FD075F}.Debug|Any CPU.Build.0 = Debug|Any CPU
		{C6945935-DD2D-4C7E-ADC9-24D736FD075F}.Debug|ARM.ActiveCfg = Debug|Any CPU
		{C6945935-DD2D-4C7E-ADC9-24D736FD075F}.Debug|ARM.Build.0 = Debug|Any CPU
		{C6945935-DD2D-4C7E-ADC9-24D736FD075F}.Debug|ARM64.ActiveCfg = Debug|Any CPU
		{C6945935-DD2D-4C7E-ADC9-24D736FD075F}.Debug|ARM64.Build.0 = Debug|Any CPU
		{C6945935-DD2D-4C7E-ADC9-24D736FD075F}.Debug|x64.ActiveCfg = Debug|Any CPU
		{C6945935-DD2D-4C7E-ADC9-24D736FD075F}.Debug|x64.Build.0 = Debug|Any CPU
		{C6945935-DD2D-4C7E-ADC9-24D736FD075F}.Debug|x86.ActiveCfg = Debug|Any CPU
		{C6945935-DD2D-4C7E-ADC9-24D736FD075F}.Debug|x86.Build.0 = Debug|Any CPU
		{C6945935-DD2D-4C7E-ADC9-24D736FD075F}.Release|Any CPU.ActiveCfg = Release|Any CPU
		{C6945935-DD2D-4C7E-ADC9-24D736FD075F}.Release|Any CPU.Build.0 = Release|Any CPU
		{C6945935-DD2D-4C7E-ADC9-24D736FD075F}.Release|ARM.ActiveCfg = Release|Any CPU
		{C6945935-DD2D-4C7E-ADC9-24D736FD075F}.Release|ARM.Build.0 = Release|Any CPU
		{C6945935-DD2D-4C7E-ADC9-24D736FD075F}.Release|ARM64.ActiveCfg = Release|Any CPU
		{C6945935-DD2D-4C7E-ADC9-24D736FD075F}.Release|ARM64.Build.0 = Release|Any CPU
		{C6945935-DD2D-4C7E-ADC9-24D736FD075F}.Release|x64.ActiveCfg = Release|Any CPU
		{C6945935-DD2D-4C7E-ADC9-24D736FD075F}.Release|x64.Build.0 = Release|Any CPU
		{C6945935-DD2D-4C7E-ADC9-24D736FD075F}.Release|x86.ActiveCfg = Release|Any CPU
		{C6945935-DD2D-4C7E-ADC9-24D736FD075F}.Release|x86.Build.0 = Release|Any CPU
		{88DF28CF-1BEB-4F70-A20D-DF8CC41F70EC}.Debug|Any CPU.ActiveCfg = Debug|Any CPU
		{88DF28CF-1BEB-4F70-A20D-DF8CC41F70EC}.Debug|Any CPU.Build.0 = Debug|Any CPU
		{88DF28CF-1BEB-4F70-A20D-DF8CC41F70EC}.Debug|ARM.ActiveCfg = Debug|Any CPU
		{88DF28CF-1BEB-4F70-A20D-DF8CC41F70EC}.Debug|ARM.Build.0 = Debug|Any CPU
		{88DF28CF-1BEB-4F70-A20D-DF8CC41F70EC}.Debug|ARM64.ActiveCfg = Debug|Any CPU
		{88DF28CF-1BEB-4F70-A20D-DF8CC41F70EC}.Debug|ARM64.Build.0 = Debug|Any CPU
		{88DF28CF-1BEB-4F70-A20D-DF8CC41F70EC}.Debug|x64.ActiveCfg = Debug|Any CPU
		{88DF28CF-1BEB-4F70-A20D-DF8CC41F70EC}.Debug|x64.Build.0 = Debug|Any CPU
		{88DF28CF-1BEB-4F70-A20D-DF8CC41F70EC}.Debug|x86.ActiveCfg = Debug|Any CPU
		{88DF28CF-1BEB-4F70-A20D-DF8CC41F70EC}.Debug|x86.Build.0 = Debug|Any CPU
		{88DF28CF-1BEB-4F70-A20D-DF8CC41F70EC}.Release|Any CPU.ActiveCfg = Release|Any CPU
		{88DF28CF-1BEB-4F70-A20D-DF8CC41F70EC}.Release|Any CPU.Build.0 = Release|Any CPU
		{88DF28CF-1BEB-4F70-A20D-DF8CC41F70EC}.Release|ARM.ActiveCfg = Release|Any CPU
		{88DF28CF-1BEB-4F70-A20D-DF8CC41F70EC}.Release|ARM.Build.0 = Release|Any CPU
		{88DF28CF-1BEB-4F70-A20D-DF8CC41F70EC}.Release|ARM64.ActiveCfg = Release|Any CPU
		{88DF28CF-1BEB-4F70-A20D-DF8CC41F70EC}.Release|ARM64.Build.0 = Release|Any CPU
		{88DF28CF-1BEB-4F70-A20D-DF8CC41F70EC}.Release|x64.ActiveCfg = Release|Any CPU
		{88DF28CF-1BEB-4F70-A20D-DF8CC41F70EC}.Release|x64.Build.0 = Release|Any CPU
		{88DF28CF-1BEB-4F70-A20D-DF8CC41F70EC}.Release|x86.ActiveCfg = Release|Any CPU
		{88DF28CF-1BEB-4F70-A20D-DF8CC41F70EC}.Release|x86.Build.0 = Release|Any CPU
	EndGlobalSection
	GlobalSection(SolutionProperties) = preSolution
		HideSolutionNode = FALSE
	EndGlobalSection
	GlobalSection(ExtensibilityGlobals) = postSolution
		SolutionGuid = {282FB020-C430-457F-B3CD-8380FDCEA5B3}
	EndGlobalSection
EndGlobal
